
Microsoft Visual Studio Solution File, Format Version 12.00
# Visual Studio Version 17
VisualStudioVersion = 17.6.33829.357
MinimumVisualStudioVersion = 10.0.40219.1
Project("{FAE04EC0-301F-11D3-BF4B-00C04F79EFBC}") = "WinFormsApp1", "WinFormsApp1\WinFormsApp1.csproj", "{0114542C-52A8-425A-BACA-5D8B696A77F1}"
EndProject
Global
	GlobalSection(SolutionConfigurationPlatforms) = preSolution
		Debug|Any CPU = Debug|Any CPU
		Release|Any CPU = Release|Any CPU
	EndGlobalSection
	GlobalSection(ProjectConfigurationPlatforms) = postSolution
		{0114542C-52A8-425A-BACA-5D8B696A77F1}.Debug|Any CPU.ActiveCfg = Debug|Any CPU
		{0114542C-52A8-425A-BACA-5D8B696A77F1}.Debug|Any CPU.Build.0 = Debug|Any CPU
		{0114542C-52A8-425A-BACA-5D8B696A77F1}.Release|Any CPU.ActiveCfg = Release|Any CPU
		{0114542C-52A8-425A-BACA-5D8B696A77F1}.Release|Any CPU.Build.0 = Release|Any CPU
	EndGlobalSection
	GlobalSection(SolutionProperties) = preSolution
		HideSolutionNode = FALSE
	EndGlobalSection
	GlobalSection(ExtensibilityGlobals) = postSolution
		SolutionGuid = {E7FE216E-5A39-4869-B2A2-EDB4660A7A9A}
	EndGlobalSection
EndGlobal
